// !$*UTF8*$!
{
	archiveVersion = 1;
	classes = {
	};
	objectVersion = 51;
	objects = {

/* Begin PBXBuildFile section */
		3203137F22DBB19200850031 /* AppDelegate.m in Sources */ = {isa = PBXBuildFile; fileRef = 3203137E22DBB19200850031 /* AppDelegate.m */; };
		3203138222DBB19200850031 /* ViewController.m in Sources */ = {isa = PBXBuildFile; fileRef = 3203138122DBB19200850031 /* ViewController.m */; };
		3203138522DBB19200850031 /* Main.storyboard in Resources */ = {isa = PBXBuildFile; fileRef = 3203138322DBB19200850031 /* Main.storyboard */; };
		3203138722DBB19500850031 /* Assets.xcassets in Resources */ = {isa = PBXBuildFile; fileRef = 3203138622DBB19500850031 /* Assets.xcassets */; };
		3203138A22DBB19500850031 /* LaunchScreen.storyboard in Resources */ = {isa = PBXBuildFile; fileRef = 3203138822DBB19500850031 /* LaunchScreen.storyboard */; };
		3203138D22DBB19500850031 /* main.m in Sources */ = {isa = PBXBuildFile; fileRef = 3203138C22DBB19500850031 /* main.m */; };
		3203139522DBB69500850031 /* FFTCalculator.m in Sources */ = {isa = PBXBuildFile; fileRef = 3203139322DBB69400850031 /* FFTCalculator.m */; };
		3203139822DBB79A00850031 /* ToneGenerator.m in Sources */ = {isa = PBXBuildFile; fileRef = 3203139722DBB79A00850031 /* ToneGenerator.m */; };
		3203139B22DBBAEE00850031 /* Foundation.framework in Frameworks */ = {isa = PBXBuildFile; fileRef = 3203139A22DBBAEE00850031 /* Foundation.framework */; };
		3203139D22DBBAF300850031 /* CoreGraphics.framework in Frameworks */ = {isa = PBXBuildFile; fileRef = 3203139C22DBBAF300850031 /* CoreGraphics.framework */; };
		3203139F22DBBAFA00850031 /* AudioToolbox.framework in Frameworks */ = {isa = PBXBuildFile; fileRef = 3203139E22DBBAFA00850031 /* AudioToolbox.framework */; };
		320313A122DBBB0500850031 /* CoreMotion.framework in Frameworks */ = {isa = PBXBuildFile; fileRef = 320313A022DBBB0500850031 /* CoreMotion.framework */; };
		32D4223C22DC89BF00ECD733 /* ppp.swift in Sources */ = {isa = PBXBuildFile; fileRef = 32D4223B22DC89BF00ECD733 /* ppp.swift */; };
		5C158AA3931B907792BE13C4 /* Pods_Vibro.framework in Frameworks */ = {isa = PBXBuildFile; fileRef = C9BCD668D554C4E31AB88575 /* Pods_Vibro.framework */; };
/* End PBXBuildFile section */

/* Begin PBXFileReference section */
		0D7CE2BFBD28A0863714E894 /* Pods-Vibro.debug.xcconfig */ = {isa = PBXFileReference; includeInIndex = 1; lastKnownFileType = text.xcconfig; name = "Pods-Vibro.debug.xcconfig"; path = "Target Support Files/Pods-Vibro/Pods-Vibro.debug.xcconfig"; sourceTree = "<group>"; };
		3203137A22DBB19200850031 /* Vibro.app */ = {isa = PBXFileReference; explicitFileType = wrapper.application; includeInIndex = 0; path = Vibro.app; sourceTree = BUILT_PRODUCTS_DIR; };
		3203137D22DBB19200850031 /* AppDelegate.h */ = {isa = PBXFileReference; lastKnownFileType = sourcecode.c.h; path = AppDelegate.h; sourceTree = "<group>"; };
		3203137E22DBB19200850031 /* AppDelegate.m */ = {isa = PBXFileReference; lastKnownFileType = sourcecode.c.objc; path = AppDelegate.m; sourceTree = "<group>"; };
		3203138022DBB19200850031 /* ViewController.h */ = {isa = PBXFileReference; lastKnownFileType = sourcecode.c.h; path = ViewController.h; sourceTree = "<group>"; };
		3203138122DBB19200850031 /* ViewController.m */ = {isa = PBXFileReference; lastKnownFileType = sourcecode.c.objc; path = ViewController.m; sourceTree = "<group>"; };
		3203138422DBB19200850031 /* Base */ = {isa = PBXFileReference; lastKnownFileType = file.storyboard; name = Base; path = Base.lproj/Main.storyboard; sourceTree = "<group>"; };
		3203138622DBB19500850031 /* Assets.xcassets */ = {isa = PBXFileReference; lastKnownFileType = folder.assetcatalog; path = Assets.xcassets; sourceTree = "<group>"; };
		3203138922DBB19500850031 /* Base */ = {isa = PBXFileReference; lastKnownFileType = file.storyboard; name = Base; path = Base.lproj/LaunchScreen.storyboard; sourceTree = "<group>"; };
		3203138B22DBB19500850031 /* Info.plist */ = {isa = PBXFileReference; lastKnownFileType = text.plist.xml; path = Info.plist; sourceTree = "<group>"; };
		3203138C22DBB19500850031 /* main.m */ = {isa = PBXFileReference; lastKnownFileType = sourcecode.c.objc; path = main.m; sourceTree = "<group>"; };
		3203139322DBB69400850031 /* FFTCalculator.m */ = {isa = PBXFileReference; fileEncoding = 4; lastKnownFileType = sourcecode.c.objc; path = FFTCalculator.m; sourceTree = "<group>"; };
		3203139422DBB69500850031 /* FFTCalculator.h */ = {isa = PBXFileReference; fileEncoding = 4; lastKnownFileType = sourcecode.c.h; path = FFTCalculator.h; sourceTree = "<group>"; };
		3203139622DBB79A00850031 /* ToneGenerator.h */ = {isa = PBXFileReference; lastKnownFileType = sourcecode.c.h; path = ToneGenerator.h; sourceTree = "<group>"; };
		3203139722DBB79A00850031 /* ToneGenerator.m */ = {isa = PBXFileReference; lastKnownFileType = sourcecode.c.objc; path = ToneGenerator.m; sourceTree = "<group>"; };
		3203139A22DBBAEE00850031 /* Foundation.framework */ = {isa = PBXFileReference; lastKnownFileType = wrapper.framework; name = Foundation.framework; path = System/Library/Frameworks/Foundation.framework; sourceTree = SDKROOT; };
		3203139C22DBBAF300850031 /* CoreGraphics.framework */ = {isa = PBXFileReference; lastKnownFileType = wrapper.framework; name = CoreGraphics.framework; path = System/Library/Frameworks/CoreGraphics.framework; sourceTree = SDKROOT; };
		3203139E22DBBAFA00850031 /* AudioToolbox.framework */ = {isa = PBXFileReference; lastKnownFileType = wrapper.framework; name = AudioToolbox.framework; path = System/Library/Frameworks/AudioToolbox.framework; sourceTree = SDKROOT; };
		320313A022DBBB0500850031 /* CoreMotion.framework */ = {isa = PBXFileReference; lastKnownFileType = wrapper.framework; name = CoreMotion.framework; path = System/Library/Frameworks/CoreMotion.framework; sourceTree = SDKROOT; };
		32BD854322DC5FDB0099BFA4 /* Vibro-Bridging-Header.h */ = {isa = PBXFileReference; lastKnownFileType = sourcecode.c.h; path = "Vibro-Bridging-Header.h"; sourceTree = "<group>"; };
		32D4223B22DC89BF00ECD733 /* ppp.swift */ = {isa = PBXFileReference; lastKnownFileType = sourcecode.swift; path = ppp.swift; sourceTree = "<group>"; };
		9ED04A887A9637DE44AC0776 /* Pods-Vibro.release.xcconfig */ = {isa = PBXFileReference; includeInIndex = 1; lastKnownFileType = text.xcconfig; name = "Pods-Vibro.release.xcconfig"; path = "Target Support Files/Pods-Vibro/Pods-Vibro.release.xcconfig"; sourceTree = "<group>"; };
		C9BCD668D554C4E31AB88575 /* Pods_Vibro.framework */ = {isa = PBXFileReference; explicitFileType = wrapper.framework; includeInIndex = 0; path = Pods_Vibro.framework; sourceTree = BUILT_PRODUCTS_DIR; };
/* End PBXFileReference section */

/* Begin PBXFrameworksBuildPhase section */
		3203137722DBB19200850031 /* Frameworks */ = {
			isa = PBXFrameworksBuildPhase;
			buildActionMask = 2147483647;
			files = (
				320313A122DBBB0500850031 /* CoreMotion.framework in Frameworks */,
				3203139F22DBBAFA00850031 /* AudioToolbox.framework in Frameworks */,
				3203139D22DBBAF300850031 /* CoreGraphics.framework in Frameworks */,
				3203139B22DBBAEE00850031 /* Foundation.framework in Frameworks */,
				5C158AA3931B907792BE13C4 /* Pods_Vibro.framework in Frameworks */,
			);
			runOnlyForDeploymentPostprocessing = 0;
		};
/* End PBXFrameworksBuildPhase section */

/* Begin PBXGroup section */
		3203137122DBB19200850031 = {
			isa = PBXGroup;
			children = (
				3203137C22DBB19200850031 /* Vibro */,
				3203137B22DBB19200850031 /* Products */,
				3203139922DBBAED00850031 /* Frameworks */,
				96ABAF31106AB9EE09FF957F /* Pods */,
				32BD854322DC5FDB0099BFA4 /* Vibro-Bridging-Header.h */,
			);
			sourceTree = "<group>";
		};
		3203137B22DBB19200850031 /* Products */ = {
			isa = PBXGroup;
			children = (
				3203137A22DBB19200850031 /* Vibro.app */,
			);
			name = Products;
			sourceTree = "<group>";
		};
		3203137C22DBB19200850031 /* Vibro */ = {
			isa = PBXGroup;
			children = (
				3203139422DBB69500850031 /* FFTCalculator.h */,
				3203139322DBB69400850031 /* FFTCalculator.m */,
				3203137D22DBB19200850031 /* AppDelegate.h */,
				3203137E22DBB19200850031 /* AppDelegate.m */,
				3203138022DBB19200850031 /* ViewController.h */,
				3203138122DBB19200850031 /* ViewController.m */,
				3203138322DBB19200850031 /* Main.storyboard */,
				3203138622DBB19500850031 /* Assets.xcassets */,
				3203138822DBB19500850031 /* LaunchScreen.storyboard */,
				3203138B22DBB19500850031 /* Info.plist */,
				3203138C22DBB19500850031 /* main.m */,
				3203139622DBB79A00850031 /* ToneGenerator.h */,
				3203139722DBB79A00850031 /* ToneGenerator.m */,
				32D4223B22DC89BF00ECD733 /* ppp.swift */,
			);
			path = Vibro;
			sourceTree = "<group>";
		};
		3203139922DBBAED00850031 /* Frameworks */ = {
			isa = PBXGroup;
			children = (
				320313A022DBBB0500850031 /* CoreMotion.framework */,
				3203139E22DBBAFA00850031 /* AudioToolbox.framework */,
				3203139C22DBBAF300850031 /* CoreGraphics.framework */,
				3203139A22DBBAEE00850031 /* Foundation.framework */,
				C9BCD668D554C4E31AB88575 /* Pods_Vibro.framework */,
			);
			name = Frameworks;
			sourceTree = "<group>";
		};
		96ABAF31106AB9EE09FF957F /* Pods */ = {
			isa = PBXGroup;
			children = (
				0D7CE2BFBD28A0863714E894 /* Pods-Vibro.debug.xcconfig */,
				9ED04A887A9637DE44AC0776 /* Pods-Vibro.release.xcconfig */,
			);
			path = Pods;
			sourceTree = "<group>";
		};
/* End PBXGroup section */

/* Begin PBXNativeTarget section */
		3203137922DBB19200850031 /* Vibro */ = {
			isa = PBXNativeTarget;
			buildConfigurationList = 3203139022DBB19500850031 /* Build configuration list for PBXNativeTarget "Vibro" */;
			buildPhases = (
				E95FA7B2602736D6A592A662 /* [CP] Check Pods Manifest.lock */,
				3203137622DBB19200850031 /* Sources */,
				3203137722DBB19200850031 /* Frameworks */,
				3203137822DBB19200850031 /* Resources */,
				868F96BCAC0DB9F6744E667B /* [CP] Embed Pods Frameworks */,
			);
			buildRules = (
			);
			dependencies = (
			);
			name = Vibro;
			productName = Vibro;
			productReference = 3203137A22DBB19200850031 /* Vibro.app */;
			productType = "com.apple.product-type.application";
		};
/* End PBXNativeTarget section */

/* Begin PBXProject section */
		3203137222DBB19200850031 /* Project object */ = {
			isa = PBXProject;
			attributes = {
				LastUpgradeCheck = 1020;
				ORGANIZATIONNAME = "Shubham Mandal";
				TargetAttributes = {
					3203137922DBB19200850031 = {
						CreatedOnToolsVersion = 10.2.1;
						LastSwiftMigration = 1010;
					};
				};
			};
			buildConfigurationList = 3203137522DBB19200850031 /* Build configuration list for PBXProject "Vibro" */;
			compatibilityVersion = "Xcode 9.3";
			developmentRegion = en;
			hasScannedForEncodings = 0;
			knownRegions = (
				en,
				Base,
			);
			mainGroup = 3203137122DBB19200850031;
			productRefGroup = 3203137B22DBB19200850031 /* Products */;
			projectDirPath = "";
			projectRoot = "";
			targets = (
				3203137922DBB19200850031 /* Vibro */,
			);
		};
/* End PBXProject section */

/* Begin PBXResourcesBuildPhase section */
		3203137822DBB19200850031 /* Resources */ = {
			isa = PBXResourcesBuildPhase;
			buildActionMask = 2147483647;
			files = (
				3203138A22DBB19500850031 /* LaunchScreen.storyboard in Resources */,
				3203138722DBB19500850031 /* Assets.xcassets in Resources */,
				3203138522DBB19200850031 /* Main.storyboard in Resources */,
			);
			runOnlyForDeploymentPostprocessing = 0;
		};
/* End PBXResourcesBuildPhase section */

/* Begin PBXShellScriptBuildPhase section */
		868F96BCAC0DB9F6744E667B /* [CP] Embed Pods Frameworks */ = {
			isa = PBXShellScriptBuildPhase;
			buildActionMask = 2147483647;
			files = (
			);
			inputFileListPaths = (
				"${PODS_ROOT}/Target Support Files/Pods-Vibro/Pods-Vibro-frameworks-${CONFIGURATION}-input-files.xcfilelist",
			);
			name = "[CP] Embed Pods Frameworks";
			outputFileListPaths = (
				"${PODS_ROOT}/Target Support Files/Pods-Vibro/Pods-Vibro-frameworks-${CONFIGURATION}-output-files.xcfilelist",
			);
			runOnlyForDeploymentPostprocessing = 0;
			shellPath = /bin/sh;
			shellScript = "\"${PODS_ROOT}/Target Support Files/Pods-Vibro/Pods-Vibro-frameworks.sh\"\n";
			showEnvVarsInLog = 0;
		};
		E95FA7B2602736D6A592A662 /* [CP] Check Pods Manifest.lock */ = {
			isa = PBXShellScriptBuildPhase;
			buildActionMask = 2147483647;
			files = (
			);
			inputFileListPaths = (
			);
			inputPaths = (
				"${PODS_PODFILE_DIR_PATH}/Podfile.lock",
				"${PODS_ROOT}/Manifest.lock",
			);
			name = "[CP] Check Pods Manifest.lock";
			outputFileListPaths = (
			);
			outputPaths = (
				"$(DERIVED_FILE_DIR)/Pods-Vibro-checkManifestLockResult.txt",
			);
			runOnlyForDeploymentPostprocessing = 0;
			shellPath = /bin/sh;
			shellScript = "diff \"${PODS_PODFILE_DIR_PATH}/Podfile.lock\" \"${PODS_ROOT}/Manifest.lock\" > /dev/null\nif [ $? != 0 ] ; then\n    # print error to STDERR\n    echo \"error: The sandbox is not in sync with the Podfile.lock. Run 'pod install' or update your CocoaPods installation.\" >&2\n    exit 1\nfi\n# This output is used by Xcode 'outputs' to avoid re-running this script phase.\necho \"SUCCESS\" > \"${SCRIPT_OUTPUT_FILE_0}\"\n";
			showEnvVarsInLog = 0;
		};
/* End PBXShellScriptBuildPhase section */

/* Begin PBXSourcesBuildPhase section */
		3203137622DBB19200850031 /* Sources */ = {
			isa = PBXSourcesBuildPhase;
			buildActionMask = 2147483647;
			files = (
				3203139522DBB69500850031 /* FFTCalculator.m in Sources */,
				3203139822DBB79A00850031 /* ToneGenerator.m in Sources */,
				32D4223C22DC89BF00ECD733 /* ppp.swift in Sources */,
				3203138222DBB19200850031 /* ViewController.m in Sources */,
				3203138D22DBB19500850031 /* main.m in Sources */,
				3203137F22DBB19200850031 /* AppDelegate.m in Sources */,
			);
			runOnlyForDeploymentPostprocessing = 0;
		};
/* End PBXSourcesBuildPhase section */

/* Begin PBXVariantGroup section */
		3203138322DBB19200850031 /* Main.storyboard */ = {
			isa = PBXVariantGroup;
			children = (
				3203138422DBB19200850031 /* Base */,
			);
			name = Main.storyboard;
			sourceTree = "<group>";
		};
		3203138822DBB19500850031 /* LaunchScreen.storyboard */ = {
			isa = PBXVariantGroup;
			children = (
				3203138922DBB19500850031 /* Base */,
			);
			name = LaunchScreen.storyboard;
			sourceTree = "<group>";
		};
/* End PBXVariantGroup section */

/* Begin XCBuildConfiguration section */
		3203138E22DBB19500850031 /* Debug */ = {
			isa = XCBuildConfiguration;
			buildSettings = {
				ALWAYS_SEARCH_USER_PATHS = NO;
				CLANG_ANALYZER_NONNULL = YES;
				CLANG_ANALYZER_NUMBER_OBJECT_CONVERSION = YES_AGGRESSIVE;
				CLANG_CXX_LANGUAGE_STANDARD = "gnu++14";
				CLANG_CXX_LIBRARY = "libc++";
				CLANG_ENABLE_MODULES = YES;
				CLANG_ENABLE_OBJC_ARC = YES;
				CLANG_ENABLE_OBJC_WEAK = YES;
				CLANG_WARN_BLOCK_CAPTURE_AUTORELEASING = YES;
				CLANG_WARN_BOOL_CONVERSION = YES;
				CLANG_WARN_COMMA = YES;
				CLANG_WARN_CONSTANT_CONVERSION = YES;
				CLANG_WARN_DEPRECATED_OBJC_IMPLEMENTATIONS = YES;
				CLANG_WARN_DIRECT_OBJC_ISA_USAGE = YES_ERROR;
				CLANG_WARN_DOCUMENTATION_COMMENTS = YES;
				CLANG_WARN_EMPTY_BODY = YES;
				CLANG_WARN_ENUM_CONVERSION = YES;
				CLANG_WARN_INFINITE_RECURSION = YES;
				CLANG_WARN_INT_CONVERSION = YES;
				CLANG_WARN_NON_LITERAL_NULL_CONVERSION = YES;
				CLANG_WARN_OBJC_IMPLICIT_RETAIN_SELF = YES;
				CLANG_WARN_OBJC_LITERAL_CONVERSION = YES;
				CLANG_WARN_OBJC_ROOT_CLASS = YES_ERROR;
				CLANG_WARN_RANGE_LOOP_ANALYSIS = YES;
				CLANG_WARN_STRICT_PROTOTYPES = YES;
				CLANG_WARN_SUSPICIOUS_MOVE = YES;
				CLANG_WARN_UNGUARDED_AVAILABILITY = YES_AGGRESSIVE;
				CLANG_WARN_UNREACHABLE_CODE = YES;
				CLANG_WARN__DUPLICATE_METHOD_MATCH = YES;
				CODE_SIGN_IDENTITY = "iPhone Developer";
				COPY_PHASE_STRIP = NO;
				DEBUG_INFORMATION_FORMAT = dwarf;
				ENABLE_STRICT_OBJC_MSGSEND = YES;
				ENABLE_TESTABILITY = YES;
				GCC_C_LANGUAGE_STANDARD = gnu11;
				GCC_DYNAMIC_NO_PIC = NO;
				GCC_NO_COMMON_BLOCKS = YES;
				GCC_OPTIMIZATION_LEVEL = 0;
				GCC_PREPROCESSOR_DEFINITIONS = (
					"DEBUG=1",
					"$(inherited)",
				);
				GCC_WARN_64_TO_32_BIT_CONVERSION = YES;
				GCC_WARN_ABOUT_RETURN_TYPE = YES_ERROR;
				GCC_WARN_UNDECLARED_SELECTOR = YES;
				GCC_WARN_UNINITIALIZED_AUTOS = YES_AGGRESSIVE;
				GCC_WARN_UNUSED_FUNCTION = YES;
				GCC_WARN_UNUSED_VARIABLE = YES;
				IPHONEOS_DEPLOYMENT_TARGET = 12.2;
				MTL_ENABLE_DEBUG_INFO = INCLUDE_SOURCE;
				MTL_FAST_MATH = YES;
				ONLY_ACTIVE_ARCH = YES;
				SDKROOT = iphoneos;
			};
			name = Debug;
		};
		3203138F22DBB19500850031 /* Release */ = {
			isa = XCBuildConfiguration;
			buildSettings = {
				ALWAYS_SEARCH_USER_PATHS = NO;
				CLANG_ANALYZER_NONNULL = YES;
				CLANG_ANALYZER_NUMBER_OBJECT_CONVERSION = YES_AGGRESSIVE;
				CLANG_CXX_LANGUAGE_STANDARD = "gnu++14";
				CLANG_CXX_LIBRARY = "libc++";
				CLANG_ENABLE_MODULES = YES;
				CLANG_ENABLE_OBJC_ARC = YES;
				CLANG_ENABLE_OBJC_WEAK = YES;
				CLANG_WARN_BLOCK_CAPTURE_AUTORELEASING = YES;
				CLANG_WARN_BOOL_CONVERSION = YES;
				CLANG_WARN_COMMA = YES;
				CLANG_WARN_CONSTANT_CONVERSION = YES;
				CLANG_WARN_DEPRECATED_OBJC_IMPLEMENTATIONS = YES;
				CLANG_WARN_DIRECT_OBJC_ISA_USAGE = YES_ERROR;
				CLANG_WARN_DOCUMENTATION_COMMENTS = YES;
				CLANG_WARN_EMPTY_BODY = YES;
				CLANG_WARN_ENUM_CONVERSION = YES;
				CLANG_WARN_INFINITE_RECURSION = YES;
				CLANG_WARN_INT_CONVERSION = YES;
				CLANG_WARN_NON_LITERAL_NULL_CONVERSION = YES;
				CLANG_WARN_OBJC_IMPLICIT_RETAIN_SELF = YES;
				CLANG_WARN_OBJC_LITERAL_CONVERSION = YES;
				CLANG_WARN_OBJC_ROOT_CLASS = YES_ERROR;
				CLANG_WARN_RANGE_LOOP_ANALYSIS = YES;
				CLANG_WARN_STRICT_PROTOTYPES = YES;
				CLANG_WARN_SUSPICIOUS_MOVE = YES;
				CLANG_WARN_UNGUARDED_AVAILABILITY = YES_AGGRESSIVE;
				CLANG_WARN_UNREACHABLE_CODE = YES;
				CLANG_WARN__DUPLICATE_METHOD_MATCH = YES;
				CODE_SIGN_IDENTITY = "iPhone Developer";
				COPY_PHASE_STRIP = NO;
				DEBUG_INFORMATION_FORMAT = "dwarf-with-dsym";
				ENABLE_NS_ASSERTIONS = NO;
				ENABLE_STRICT_OBJC_MSGSEND = YES;
				GCC_C_LANGUAGE_STANDARD = gnu11;
				GCC_NO_COMMON_BLOCKS = YES;
				GCC_WARN_64_TO_32_BIT_CONVERSION = YES;
				GCC_WARN_ABOUT_RETURN_TYPE = YES_ERROR;
				GCC_WARN_UNDECLARED_SELECTOR = YES;
				GCC_WARN_UNINITIALIZED_AUTOS = YES_AGGRESSIVE;
				GCC_WARN_UNUSED_FUNCTION = YES;
				GCC_WARN_UNUSED_VARIABLE = YES;
				IPHONEOS_DEPLOYMENT_TARGET = 12.2;
				MTL_ENABLE_DEBUG_INFO = NO;
				MTL_FAST_MATH = YES;
				SDKROOT = iphoneos;
				VALIDATE_PRODUCT = YES;
			};
			name = Release;
		};
		3203139122DBB19500850031 /* Debug */ = {
			isa = XCBuildConfiguration;
			baseConfigurationReference = 0D7CE2BFBD28A0863714E894 /* Pods-Vibro.debug.xcconfig */;
			buildSettings = {
				ALWAYS_EMBED_SWIFT_STANDARD_LIBRARIES = YES;
				ASSETCATALOG_COMPILER_APPICON_NAME = AppIcon;
				CLANG_ENABLE_MODULES = YES;
				CODE_SIGN_STYLE = Automatic;
				DEVELOPMENT_TEAM = 6XG6Q3SA5D;
				INFOPLIST_FILE = Vibro/Info.plist;
				LD_RUNPATH_SEARCH_PATHS = (
					"$(inherited)",
					"@executable_path/Frameworks",
				);
				PRODUCT_BUNDLE_IDENTIFIER = SM.Vibro;
				PRODUCT_NAME = "$(TARGET_NAME)";
				SWIFT_OBJC_BRIDGING_HEADER = "Vibro-Bridging-Header.h";
				SWIFT_OPTIMIZATION_LEVEL = "-Onone";
				SWIFT_VERSION = 4.2;
				TARGETED_DEVICE_FAMILY = "1,2";
			};
			name = Debug;
		};
		3203139222DBB19500850031 /* Release */ = {
			isa = XCBuildConfiguration;
			baseConfigurationReference = 9ED04A887A9637DE44AC0776 /* Pods-Vibro.release.xcconfig */;
			buildSettings = {
				ALWAYS_EMBED_SWIFT_STANDARD_LIBRARIES = YES;
				ASSETCATALOG_COMPILER_APPICON_NAME = AppIcon;
				CLANG_ENABLE_MODULES = YES;
				CODE_SIGN_STYLE = Automatic;
				DEVELOPMENT_TEAM = 6XG6Q3SA5D;
				INFOPLIST_FILE = Vibro/Info.plist;
				LD_RUNPATH_SEARCH_PATHS = (
					"$(inherited)",
					"@executable_path/Frameworks",
				);
				PRODUCT_BUNDLE_IDENTIFIER = SM.Vibro;
				PRODUCT_NAME = "$(TARGET_NAME)";
				SWIFT_OBJC_BRIDGING_HEADER = "Vibro-Bridging-Header.h";
				SWIFT_VERSION = 4.2;
				TARGETED_DEVICE_FAMILY = "1,2";
			};
			name = Release;
		};
/* End XCBuildConfiguration section */

/* Begin XCConfigurationList section */
		3203137522DBB19200850031 /* Build configuration list for PBXProject "Vibro" */ = {
			isa = XCConfigurationList;
			buildConfigurations = (
				3203138E22DBB19500850031 /* Debug */,
				3203138F22DBB19500850031 /* Release */,
			);
			defaultConfigurationIsVisible = 0;
			defaultConfigurationName = Release;
		};
		3203139022DBB19500850031 /* Build configuration list for PBXNativeTarget "Vibro" */ = {
			isa = XCConfigurationList;
			buildConfigurations = (
				3203139122DBB19500850031 /* Debug */,
				3203139222DBB19500850031 /* Release */,
			);
			defaultConfigurationIsVisible = 0;
			defaultConfigurationName = Release;
		};
/* End XCConfigurationList section */
	};
	rootObject = 3203137222DBB19200850031 /* Project object */;
}
